<?xml version="1.0" encoding="utf-8"?>
<Project ToolsVersion="4.0" xmlns="http://schemas.microsoft.com/developer/msbuild/2003">
  <ItemGroup>
    <Filter Include="소스 파일">
      <UniqueIdentifier>{4FC737F1-C7A5-4376-A066-2A32D752A2FF}</UniqueIdentifier>
      <Extensions>cpp;c;cc;cxx;c++;cppm;ixx;def;odl;idl;hpj;bat;asm;asmx</Extensions>
    </Filter>
    <Filter Include="헤더 파일">
      <UniqueIdentifier>{93995380-89BD-4b04-88EB-625FBE52EBFB}</UniqueIdentifier>
      <Extensions>h;hh;hpp;hxx;h++;hm;inl;inc;ipp;xsd</Extensions>
    </Filter>
    <Filter Include="리소스 파일">
      <UniqueIdentifier>{67DA6AB6-F800-4c08-8B7A-83BB121AAD01}</UniqueIdentifier>
      <Extensions>rc;ico;cur;bmp;dlg;rc2;rct;bin;rgs;gif;jpg;jpeg;jpe;resx;tiff;tif;png;wav;mfcribbon-ms</Extensions>
    </Filter>
    <Filter Include="00. MainGame">
      <UniqueIdentifier>{082a73ad-4c64-4d1f-beaf-a4aa127e4164}</UniqueIdentifier>
    </Filter>
    <Filter Include="01. Obj">
      <UniqueIdentifier>{1732bb54-2a9e-4448-ab6c-e77cd5235460}</UniqueIdentifier>
    </Filter>
    <Filter Include="02. Design">
      <UniqueIdentifier>{fcab07f3-951f-4247-9627-d58bcadb9070}</UniqueIdentifier>
    </Filter>
    <Filter Include="03. Scene">
      <UniqueIdentifier>{95ebb129-a65e-4fba-b971-523f197711bf}</UniqueIdentifier>
    </Filter>
    <Filter Include="04. Define">
      <UniqueIdentifier>{e1c8f38e-d227-4cf3-890e-43c4b7f297ed}</UniqueIdentifier>
    </Filter>
    <Filter Include="기타 파일">
      <UniqueIdentifier>{fcf8dcaa-fa96-4d7f-8147-87798d022b55}</UniqueIdentifier>
    </Filter>
    <Filter Include="05. Tools">
      <UniqueIdentifier>{8a6ac482-3256-4f3c-8069-ac936d157a45}</UniqueIdentifier>
    </Filter>
    <Filter Include="06. PCH">
      <UniqueIdentifier>{5ef6c476-7601-4561-ac28-7485d3487f59}</UniqueIdentifier>
    </Filter>
    <Filter Include="02. Design\00. AbstractFactory">
      <UniqueIdentifier>{b97aa772-87b8-4f2d-990e-86cda8edc002}</UniqueIdentifier>
    </Filter>
    <Filter Include="02. Design\02. CObjMgr">
      <UniqueIdentifier>{50dbb342-f2d8-4416-85e4-8bbdab0d8d5e}</UniqueIdentifier>
    </Filter>
    <Filter Include="02. Design\03. KeyMgr">
      <UniqueIdentifier>{ac569ffa-f7a4-455c-8161-10ac6c65d628}</UniqueIdentifier>
    </Filter>
    <Filter Include="02. Design\04. BmpMgr">
      <UniqueIdentifier>{3fafb61a-c446-4c37-b555-d6c41c17f674}</UniqueIdentifier>
    </Filter>
    <Filter Include="02. Design\05. SceneMgr">
      <UniqueIdentifier>{a5f2ede3-4478-4ded-9899-c5d7a5a402e9}</UniqueIdentifier>
    </Filter>
    <Filter Include="02. Design\04. BmpMgr\MyBmp">
      <UniqueIdentifier>{c9aa90d4-e454-4253-93c3-28c38bdfef1d}</UniqueIdentifier>
    </Filter>
    <Filter Include="03. Scene\00. Menu">
      <UniqueIdentifier>{37a9a60e-fa5a-4983-b5da-4eb8221eac69}</UniqueIdentifier>
    </Filter>
    <Filter Include="01. Obj\00. Player">
      <UniqueIdentifier>{f40408c2-3260-42b2-95dc-a826166750de}</UniqueIdentifier>
    </Filter>
    <Filter Include="03. Scene\01. Tutorial">
      <UniqueIdentifier>{2e254087-3eef-45d6-8a2a-ce6fa2298f04}</UniqueIdentifier>
    </Filter>
    <Filter Include="02. Design\06. TileMgr">
      <UniqueIdentifier>{3f038482-d7d8-485e-a423-3252bfd92abb}</UniqueIdentifier>
    </Filter>
    <Filter Include="02. Design\06. TileMgr\00. Tile">
      <UniqueIdentifier>{cd2cb48d-6b72-415d-b1fb-f139b7cd9804}</UniqueIdentifier>
    </Filter>
    <Filter Include="02. Design\01. CollisionMgr">
      <UniqueIdentifier>{328a5f44-2c58-48e2-af48-24564a8a62c9}</UniqueIdentifier>
    </Filter>
    <Filter Include="01. Obj\01. Bullet">
      <UniqueIdentifier>{a1afd7af-0a7f-46bb-a653-f1ed68332ef3}</UniqueIdentifier>
    </Filter>
    <Filter Include="01. Obj\02. Effect">
      <UniqueIdentifier>{1ac16b52-b07a-40ff-9e0e-8b5e36f5a3e8}</UniqueIdentifier>
    </Filter>
    <Filter Include="01. Obj\03. Monster">
      <UniqueIdentifier>{f4bb9f20-1209-431a-a907-0a58215cdf86}</UniqueIdentifier>
    </Filter>
    <Filter Include="01. Obj\03. Monster\00. Fly">
      <UniqueIdentifier>{542dadbf-8490-4d88-a134-78ddc9580a19}</UniqueIdentifier>
    </Filter>
    <Filter Include="02. Design\07. UIMgr">
      <UniqueIdentifier>{920165ba-e11f-49fc-9ff7-013cdf3192ad}</UniqueIdentifier>
    </Filter>
    <Filter Include="07. UI">
      <UniqueIdentifier>{1e18ecce-888f-44b7-9391-da06eadce9aa}</UniqueIdentifier>
    </Filter>
    <Filter Include="07. UI\00. Button">
      <UniqueIdentifier>{60b63f51-82b5-4a9b-85de-174bab5cfebb}</UniqueIdentifier>
    </Filter>
    <Filter Include="07. UI\01. UIBar">
      <UniqueIdentifier>{a6ea6aa7-c5d1-432a-981a-f07ed1ab0c21}</UniqueIdentifier>
    </Filter>
    <Filter Include="01. Obj\03. Monster\01. BombFly">
      <UniqueIdentifier>{40ad8f01-c22f-45d3-a9f1-b054adc8f14c}</UniqueIdentifier>
    </Filter>
    <Filter Include="01. Obj\01. Bullet\BombBullet">
      <UniqueIdentifier>{400351fc-7d19-49d1-b7b5-3ceee8dddb0e}</UniqueIdentifier>
    </Filter>
    <Filter Include="01. Obj\01. Bullet\PlayerBullet">
      <UniqueIdentifier>{7d65401d-4b57-4b63-965f-ba85a92eed92}</UniqueIdentifier>
    </Filter>
    <Filter Include="01. Obj\02. Effect\BomEffect">
      <UniqueIdentifier>{937ca438-d613-4321-8092-fdefa36ba5fe}</UniqueIdentifier>
    </Filter>
    <Filter Include="01. Obj\02. Effect\BulletEffect">
      <UniqueIdentifier>{e6653b58-f324-4f9e-88b6-cf9265248e19}</UniqueIdentifier>
    </Filter>
    <Filter Include="01. Obj\04. Item">
      <UniqueIdentifier>{dbe5f16a-dd2f-4583-b5ab-18d2ceea3114}</UniqueIdentifier>
    </Filter>
    <Filter Include="01. Obj\04. Item\00. Coin">
      <UniqueIdentifier>{a1dcac07-c2e8-4c08-9060-4398ce68f783}</UniqueIdentifier>
    </Filter>
    <Filter Include="01. Obj\04. Item\01. Bomb">
      <UniqueIdentifier>{bd4b64aa-f912-4e66-a340-d00df5061492}</UniqueIdentifier>
    </Filter>
    <Filter Include="01. Obj\04. Item\02. Key">
      <UniqueIdentifier>{48c2db2c-740e-4c60-add7-22510e6dd88c}</UniqueIdentifier>
    </Filter>
    <Filter Include="01. Obj\04. Item\03. Box">
      <UniqueIdentifier>{626fc6ed-aefc-4380-af39-780716fda273}</UniqueIdentifier>
    </Filter>
    <Filter Include="03. Scene\02. Stage1">
      <UniqueIdentifier>{79e5b0bc-588a-47fe-8294-8bfcf30a7b89}</UniqueIdentifier>
    </Filter>
    <Filter Include="01. Obj\05. Door">
      <UniqueIdentifier>{da528883-dd8e-4da2-b9e0-ceb920f9cdda}</UniqueIdentifier>
    </Filter>
    <Filter Include="01. Obj\04. Item\04. Heart">
      <UniqueIdentifier>{526bfc90-40de-4c68-80c3-8faacedee2d6}</UniqueIdentifier>
    </Filter>
    <Filter Include="01. Obj\03. Monster\02. Boss">
      <UniqueIdentifier>{05146f49-0d39-436f-af51-b25abde37e59}</UniqueIdentifier>
    </Filter>
    <Filter Include="01. Obj\01. Bullet\MonsterBullet">
      <UniqueIdentifier>{e0b570d8-e5e0-488a-bc6b-020e711b4c6a}</UniqueIdentifier>
    </Filter>
  </ItemGroup>
  <ItemGroup>
    <ClInclude Include="Define.h">
      <Filter>04. Define</Filter>
    </ClInclude>
    <ClInclude Include="Isaac.h">
      <Filter>헤더 파일</Filter>
    </ClInclude>
    <ClInclude Include="pch.h">
      <Filter>06. PCH</Filter>
    </ClInclude>
    <ClInclude Include="framework.h">
      <Filter>06. PCH</Filter>
    </ClInclude>
    <ClInclude Include="Resource.h">
      <Filter>기타 파일</Filter>
    </ClInclude>
    <ClInclude Include="targetver.h">
      <Filter>기타 파일</Filter>
    </ClInclude>
    <ClInclude Include="CMainGame.h">
      <Filter>00. MainGame</Filter>
    </ClInclude>
    <ClInclude Include="CObj.h">
      <Filter>01. Obj</Filter>
    </ClInclude>
    <ClInclude Include="CObjMgr.h">
      <Filter>02. Design\02. CObjMgr</Filter>
    </ClInclude>
    <ClInclude Include="CKeyMgr.h">
      <Filter>02. Design\03. KeyMgr</Filter>
    </ClInclude>
    <ClInclude Include="CBmpMgr.h">
      <Filter>02. Design\04. BmpMgr</Filter>
    </ClInclude>
    <ClInclude Include="CAbstractFactory.h">
      <Filter>02. Design\00. AbstractFactory</Filter>
    </ClInclude>
    <ClInclude Include="CMyBmp.h">
      <Filter>02. Design\04. BmpMgr\MyBmp</Filter>
    </ClInclude>
    <ClInclude Include="CSceneMgr.h">
      <Filter>02. Design\05. SceneMgr</Filter>
    </ClInclude>
    <ClInclude Include="CScene.h">
      <Filter>03. Scene</Filter>
    </ClInclude>
    <ClInclude Include="CMenu.h">
      <Filter>03. Scene\00. Menu</Filter>
    </ClInclude>
    <ClInclude Include="CPlayer.h">
      <Filter>01. Obj\00. Player</Filter>
    </ClInclude>
    <ClInclude Include="CTutorial.h">
      <Filter>03. Scene\01. Tutorial</Filter>
    </ClInclude>
    <ClInclude Include="CTile.h">
      <Filter>02. Design\06. TileMgr\00. Tile</Filter>
    </ClInclude>
    <ClInclude Include="CTileMgr.h">
      <Filter>02. Design\06. TileMgr</Filter>
    </ClInclude>
    <ClInclude Include="CCollisionMgr.h">
      <Filter>02. Design\01. CollisionMgr</Filter>
    </ClInclude>
    <ClInclude Include="CBullet.h">
      <Filter>01. Obj\01. Bullet</Filter>
    </ClInclude>
    <ClInclude Include="CMonster.h">
      <Filter>01. Obj\03. Monster</Filter>
    </ClInclude>
    <ClInclude Include="CFly.h">
      <Filter>01. Obj\03. Monster\00. Fly</Filter>
    </ClInclude>
    <ClInclude Include="CTools.h">
      <Filter>05. Tools</Filter>
    </ClInclude>
    <ClInclude Include="CUIMgr.h">
      <Filter>02. Design\07. UIMgr</Filter>
    </ClInclude>
    <ClInclude Include="CUI.h">
      <Filter>07. UI</Filter>
    </ClInclude>
    <ClInclude Include="CButton.h">
      <Filter>07. UI\00. Button</Filter>
    </ClInclude>
    <ClInclude Include="CUIBar.h">
      <Filter>07. UI\01. UIBar</Filter>
    </ClInclude>
    <ClInclude Include="CBombFly.h">
      <Filter>01. Obj\03. Monster\01. BombFly</Filter>
    </ClInclude>
    <ClInclude Include="CPlayerBullet.h">
      <Filter>01. Obj\01. Bullet\PlayerBullet</Filter>
    </ClInclude>
    <ClInclude Include="CBombBullet.h">
      <Filter>01. Obj\01. Bullet\BombBullet</Filter>
    </ClInclude>
    <ClInclude Include="CBombEffect.h">
      <Filter>01. Obj\02. Effect\BomEffect</Filter>
    </ClInclude>
    <ClInclude Include="CEffect.h">
      <Filter>01. Obj\02. Effect\BulletEffect</Filter>
    </ClInclude>
    <ClInclude Include="CItem.h">
      <Filter>01. Obj\04. Item</Filter>
    </ClInclude>
    <ClInclude Include="CCoin.h">
      <Filter>01. Obj\04. Item\00. Coin</Filter>
    </ClInclude>
    <ClInclude Include="CKey.h">
      <Filter>01. Obj\04. Item\02. Key</Filter>
    </ClInclude>
    <ClInclude Include="CStage1.h">
      <Filter>03. Scene\02. Stage1</Filter>
    </ClInclude>
    <ClInclude Include="CDoor.h">
      <Filter>01. Obj\05. Door</Filter>
    </ClInclude>
    <ClInclude Include="CHeart.h">
      <Filter>01. Obj\04. Item\04. Heart</Filter>
    </ClInclude>
    <ClInclude Include="CSoulHeart.h">
      <Filter>01. Obj\04. Item\04. Heart</Filter>
    </ClInclude>
    <ClInclude Include="CBomb.h">
      <Filter>01. Obj\04. Item\01. Bomb</Filter>
    </ClInclude>
    <ClInclude Include="CBox.h">
      <Filter>01. Obj\04. Item\03. Box</Filter>
    </ClInclude>
    <ClInclude Include="CBoss.h">
      <Filter>01. Obj\03. Monster\02. Boss</Filter>
    </ClInclude>
    <ClInclude Include="CMonsterBullet.h">
      <Filter>헤더 파일</Filter>
    </ClInclude>
  </ItemGroup>
  <ItemGroup>
    <ClCompile Include="Isaac.cpp">
      <Filter>소스 파일</Filter>
    </ClCompile>
    <ClCompile Include="pch.cpp">
      <Filter>06. PCH</Filter>
    </ClCompile>
    <ClCompile Include="CMainGame.cpp">
      <Filter>00. MainGame</Filter>
    </ClCompile>
    <ClCompile Include="CObj.cpp">
      <Filter>01. Obj</Filter>
    </ClCompile>
    <ClCompile Include="CObjMgr.cpp">
      <Filter>02. Design\02. CObjMgr</Filter>
    </ClCompile>
    <ClCompile Include="CKeyMgr.cpp">
      <Filter>02. Design\03. KeyMgr</Filter>
    </ClCompile>
    <ClCompile Include="CBmpMgr.cpp">
      <Filter>02. Design\04. BmpMgr</Filter>
    </ClCompile>
    <ClCompile Include="CMyBmp.cpp">
      <Filter>02. Design\04. BmpMgr\MyBmp</Filter>
    </ClCompile>
    <ClCompile Include="CSceneMgr.cpp">
      <Filter>02. Design\05. SceneMgr</Filter>
    </ClCompile>
    <ClCompile Include="CScene.cpp">
      <Filter>03. Scene</Filter>
    </ClCompile>
    <ClCompile Include="CMenu.cpp">
      <Filter>03. Scene\00. Menu</Filter>
    </ClCompile>
    <ClCompile Include="CPlayer.cpp">
      <Filter>01. Obj\00. Player</Filter>
    </ClCompile>
    <ClCompile Include="CTutorial.cpp">
      <Filter>03. Scene\01. Tutorial</Filter>
    </ClCompile>
    <ClCompile Include="CTile.cpp">
      <Filter>02. Design\06. TileMgr\00. Tile</Filter>
    </ClCompile>
    <ClCompile Include="CTileMgr.cpp">
      <Filter>02. Design\06. TileMgr</Filter>
    </ClCompile>
    <ClCompile Include="CCollisionMgr.cpp">
      <Filter>02. Design\01. CollisionMgr</Filter>
    </ClCompile>
    <ClCompile Include="CBullet.cpp">
      <Filter>01. Obj\01. Bullet</Filter>
    </ClCompile>
    <ClCompile Include="CMonster.cpp">
      <Filter>01. Obj\03. Monster</Filter>
    </ClCompile>
    <ClCompile Include="CFly.cpp">
      <Filter>01. Obj\03. Monster\00. Fly</Filter>
    </ClCompile>
    <ClCompile Include="CTools.cpp">
      <Filter>05. Tools</Filter>
    </ClCompile>
    <ClCompile Include="CUIMgr.cpp">
      <Filter>02. Design\07. UIMgr</Filter>
    </ClCompile>
    <ClCompile Include="CUI.cpp">
      <Filter>07. UI</Filter>
    </ClCompile>
    <ClCompile Include="CButton.cpp">
      <Filter>07. UI\00. Button</Filter>
    </ClCompile>
    <ClCompile Include="CUIBar.cpp">
      <Filter>07. UI\01. UIBar</Filter>
    </ClCompile>
    <ClCompile Include="CBombFly.cpp">
      <Filter>01. Obj\03. Monster\01. BombFly</Filter>
    </ClCompile>
    <ClCompile Include="CPlayerBullet.cpp">
      <Filter>01. Obj\01. Bullet\PlayerBullet</Filter>
    </ClCompile>
    <ClCompile Include="CBombBullet.cpp">
      <Filter>01. Obj\01. Bullet\BombBullet</Filter>
    </ClCompile>
    <ClCompile Include="CBombEffect.cpp">
      <Filter>01. Obj\02. Effect\BomEffect</Filter>
    </ClCompile>
    <ClCompile Include="CEffect.cpp">
      <Filter>01. Obj\02. Effect\BulletEffect</Filter>
    </ClCompile>
    <ClCompile Include="CItem.cpp">
      <Filter>01. Obj\04. Item</Filter>
    </ClCompile>
    <ClCompile Include="CCoin.cpp">
      <Filter>01. Obj\04. Item\00. Coin</Filter>
    </ClCompile>
    <ClCompile Include="CKey.cpp">
      <Filter>01. Obj\04. Item\02. Key</Filter>
    </ClCompile>
    <ClCompile Include="CStage1.cpp">
      <Filter>03. Scene\02. Stage1</Filter>
    </ClCompile>
    <ClCompile Include="CDoor.cpp">
      <Filter>01. Obj\05. Door</Filter>
    </ClCompile>
    <ClCompile Include="CHeart.cpp">
      <Filter>01. Obj\04. Item\04. Heart</Filter>
    </ClCompile>
    <ClCompile Include="CSoulHeart.cpp">
      <Filter>01. Obj\04. Item\04. Heart</Filter>
    </ClCompile>
    <ClCompile Include="CBomb.cpp">
      <Filter>01. Obj\04. Item\01. Bomb</Filter>
    </ClCompile>
    <ClCompile Include="CBox.cpp">
      <Filter>01. Obj\04. Item\03. Box</Filter>
    </ClCompile>
    <ClCompile Include="CBoss.cpp">
      <Filter>01. Obj\03. Monster\02. Boss</Filter>
    </ClCompile>
    <ClCompile Include="CMonsterBullet.cpp">
      <Filter>소스 파일</Filter>
    </ClCompile>
  </ItemGroup>
  <ItemGroup>
    <ResourceCompile Include="Isaac.rc">
      <Filter>리소스 파일</Filter>
    </ResourceCompile>
  </ItemGroup>
  <ItemGroup>
    <Image Include="small.ico">
      <Filter>리소스 파일</Filter>
    </Image>
    <Image Include="Isaac.ico">
      <Filter>리소스 파일</Filter>
    </Image>
  </ItemGroup>
</Project>